// !$*UTF8*$!
{
	archiveVersion = 1;
	classes = {
	};
	objectVersion = 50;
	objects = {

/* Begin PBXBuildFile section */
		4A84649F22A4EBA1008F3F60 /* LSData.swift in Sources */ = {isa = PBXBuildFile; fileRef = 4A84649E22A4EBA1008F3F60 /* LSData.swift */; };
		4ADA986422927FA700DD9E26 /* AppDelegate.swift in Sources */ = {isa = PBXBuildFile; fileRef = 4ADA986322927FA700DD9E26 /* AppDelegate.swift */; };
		4ADA986622927FA700DD9E26 /* ViewController.swift in Sources */ = {isa = PBXBuildFile; fileRef = 4ADA986522927FA700DD9E26 /* ViewController.swift */; };
		4ADA986B22927FAA00DD9E26 /* Assets.xcassets in Resources */ = {isa = PBXBuildFile; fileRef = 4ADA986A22927FAA00DD9E26 /* Assets.xcassets */; };
		4ADA986E22927FAA00DD9E26 /* LaunchScreen.storyboard in Resources */ = {isa = PBXBuildFile; fileRef = 4ADA986C22927FAA00DD9E26 /* LaunchScreen.storyboard */; };
		4ADA98782292812900DD9E26 /* ExampleTableViewController.swift in Sources */ = {isa = PBXBuildFile; fileRef = 4ADA98772292812900DD9E26 /* ExampleTableViewController.swift */; };
/* End PBXBuildFile section */

/* Begin PBXFileReference section */
		4A84649E22A4EBA1008F3F60 /* LSData.swift */ = {isa = PBXFileReference; fileEncoding = 4; lastKnownFileType = sourcecode.swift; path = LSData.swift; sourceTree = "<group>"; };
		4ADA986022927FA700DD9E26 /* MissTableViewNavigationController.app */ = {isa = PBXFileReference; explicitFileType = wrapper.application; includeInIndex = 0; path = MissTableViewNavigationController.app; sourceTree = BUILT_PRODUCTS_DIR; };
		4ADA986322927FA700DD9E26 /* AppDelegate.swift */ = {isa = PBXFileReference; lastKnownFileType = sourcecode.swift; path = AppDelegate.swift; sourceTree = "<group>"; };
		4ADA986522927FA700DD9E26 /* ViewController.swift */ = {isa = PBXFileReference; lastKnownFileType = sourcecode.swift; path = ViewController.swift; sourceTree = "<group>"; };
		4ADA986A22927FAA00DD9E26 /* Assets.xcassets */ = {isa = PBXFileReference; lastKnownFileType = folder.assetcatalog; path = Assets.xcassets; sourceTree = "<group>"; };
		4ADA986D22927FAA00DD9E26 /* Base */ = {isa = PBXFileReference; lastKnownFileType = file.storyboard; name = Base; path = Base.lproj/LaunchScreen.storyboard; sourceTree = "<group>"; };
		4ADA986F22927FAA00DD9E26 /* Info.plist */ = {isa = PBXFileReference; lastKnownFileType = text.plist.xml; path = Info.plist; sourceTree = "<group>"; };
		4ADA98772292812900DD9E26 /* ExampleTableViewController.swift */ = {isa = PBXFileReference; lastKnownFileType = sourcecode.swift; path = ExampleTableViewController.swift; sourceTree = "<group>"; };
/* End PBXFileReference section */

/* Begin PBXFrameworksBuildPhase section */
		4ADA985D22927FA700DD9E26 /* Frameworks */ = {
			isa = PBXFrameworksBuildPhase;
			buildActionMask = 2147483647;
			files = (
			);
			runOnlyForDeploymentPostprocessing = 0;
		};
/* End PBXFrameworksBuildPhase section */

/* Begin PBXGroup section */
		4ADA985722927FA700DD9E26 = {
			isa = PBXGroup;
			children = (
				4ADA986222927FA700DD9E26 /* MissTableViewNavigationController */,
				4ADA986122927FA700DD9E26 /* Products */,
			);
			sourceTree = "<group>";
		};
		4ADA986122927FA700DD9E26 /* Products */ = {
			isa = PBXGroup;
			children = (
				4ADA986022927FA700DD9E26 /* MissTableViewNavigationController.app */,
			);
			name = Products;
			sourceTree = "<group>";
		};
		4ADA986222927FA700DD9E26 /* MissTableViewNavigationController */ = {
			isa = PBXGroup;
			children = (
				4ADA986322927FA700DD9E26 /* AppDelegate.swift */,
				4ADA986522927FA700DD9E26 /* ViewController.swift */,
				4A84649E22A4EBA1008F3F60 /* LSData.swift */,
				4ADA98772292812900DD9E26 /* ExampleTableViewController.swift */,
				4ADA986A22927FAA00DD9E26 /* Assets.xcassets */,
				4ADA986C22927FAA00DD9E26 /* LaunchScreen.storyboard */,
				4ADA986F22927FAA00DD9E26 /* Info.plist */,
			);
			path = MissTableViewNavigationController;
			sourceTree = "<group>";
		};
/* End PBXGroup section */

/* Begin PBXNativeTarget section */
		4ADA985F22927FA700DD9E26 /* MissTableViewNavigationController */ = {
			isa = PBXNativeTarget;
			buildConfigurationList = 4ADA987222927FAA00DD9E26 /* Build configuration list for PBXNativeTarget "MissTableViewNavigationController" */;
			buildPhases = (
				4ADA985C22927FA700DD9E26 /* Sources */,
				4ADA985D22927FA700DD9E26 /* Frameworks */,
				4ADA985E22927FA700DD9E26 /* Resources */,
			);
			buildRules = (
			);
			dependencies = (
			);
			name = MissTableViewNavigationController;
			productName = MissTableViewNavigationController;
			productReference = 4ADA986022927FA700DD9E26 /* MissTableViewNavigationController.app */;
			productType = "com.apple.product-type.application";
		};
/* End PBXNativeTarget section */

/* Begin PBXProject section */
		4ADA985822927FA700DD9E26 /* Project object */ = {
			isa = PBXProject;
			attributes = {
				LastSwiftUpdateCheck = 1020;
				LastUpgradeCheck = 1020;
				ORGANIZATIONNAME = "Loose Star";
				TargetAttributes = {
					4ADA985F22927FA700DD9E26 = {
						CreatedOnToolsVersion = 10.2.1;
					};
				};
			};
			buildConfigurationList = 4ADA985B22927FA700DD9E26 /* Build configuration list for PBXProject "MissTableViewNavigationController" */;
			compatibilityVersion = "Xcode 9.3";
			developmentRegion = en;
			hasScannedForEncodings = 0;
			knownRegions = (
				en,
				Base,
			);
			mainGroup = 4ADA985722927FA700DD9E26;
			productRefGroup = 4ADA986122927FA700DD9E26 /* Products */;
			projectDirPath = "";
			projectRoot = "";
			targets = (
				4ADA985F22927FA700DD9E26 /* MissTableViewNavigationController */,
			);
		};
/* End PBXProject section */

/* Begin PBXResourcesBuildPhase section */
		4ADA985E22927FA700DD9E26 /* Resources */ = {
			isa = PBXResourcesBuildPhase;
			buildActionMask = 2147483647;
			files = (
				4ADA986E22927FAA00DD9E26 /* LaunchScreen.storyboard in Resources */,
				4ADA986B22927FAA00DD9E26 /* Assets.xcassets in Resources */,
			);
			runOnlyForDeploymentPostprocessing = 0;
		};
/* End PBXResourcesBuildPhase section */

/* Begin PBXSourcesBuildPhase section */
		4ADA985C22927FA700DD9E26 /* Sources */ = {
			isa = PBXSourcesBuildPhase;
			buildActionMask = 2147483647;
			files = (
				4A84649F22A4EBA1008F3F60 /* LSData.swift in Sources */,
				4ADA98782292812900DD9E26 /* ExampleTableViewController.swift in Sources */,
				4ADA986622927FA700DD9E26 /* ViewController.swift in Sources */,
				4ADA986422927FA700DD9E26 /* AppDelegate.swift in Sources */,
			);
			runOnlyForDeploymentPostprocessing = 0;
		};
/* End PBXSourcesBuildPhase section */

/* Begin PBXVariantGroup section */
		4ADA986C22927FAA00DD9E26 /* LaunchScreen.storyboard */ = {
			isa = PBXVariantGroup;
			children = (
				4ADA986D22927FAA00DD9E26 /* Base */,
			);
			name = LaunchScreen.storyboard;
			sourceTree = "<group>";
		};
/* End PBXVariantGroup section */

/* Begin XCBuildConfiguration section */
		4ADA987022927FAA00DD9E26 /* Debug */ = {
			isa = XCBuildConfiguration;
			buildSettings = {
				ALWAYS_SEARCH_USER_PATHS = NO;
				CLANG_ANALYZER_NONNULL = YES;
				CLANG_ANALYZER_NUMBER_OBJECT_CONVERSION = YES_AGGRESSIVE;
				CLANG_CXX_LANGUAGE_STANDARD = "gnu++14";
				CLANG_CXX_LIBRARY = "libc++";
				CLANG_ENABLE_MODULES = YES;
				CLANG_ENABLE_OBJC_ARC = YES;
				CLANG_ENABLE_OBJC_WEAK = YES;
				CLANG_WARN_BLOCK_CAPTURE_AUTORELEASING = YES;
				CLANG_WARN_BOOL_CONVERSION = YES;
				CLANG_WARN_COMMA = YES;
				CLANG_WARN_CONSTANT_CONVERSION = YES;
				CLANG_WARN_DEPRECATED_OBJC_IMPLEMENTATIONS = YES;
				CLANG_WARN_DIRECT_OBJC_ISA_USAGE = YES_ERROR;
				CLANG_WARN_DOCUMENTATION_COMMENTS = YES;
				CLANG_WARN_EMPTY_BODY = YES;
				CLANG_WARN_ENUM_CONVERSION = YES;
				CLANG_WARN_INFINITE_RECURSION = YES;
				CLANG_WARN_INT_CONVERSION = YES;
				CLANG_WARN_NON_LITERAL_NULL_CONVERSION = YES;
				CLANG_WARN_OBJC_IMPLICIT_RETAIN_SELF = YES;
				CLANG_WARN_OBJC_LITERAL_CONVERSION = YES;
				CLANG_WARN_OBJC_ROOT_CLASS = YES_ERROR;
				CLANG_WARN_RANGE_LOOP_ANALYSIS = YES;
				CLANG_WARN_STRICT_PROTOTYPES = YES;
				CLANG_WARN_SUSPICIOUS_MOVE = YES;
				CLANG_WARN_UNGUARDED_AVAILABILITY = YES_AGGRESSIVE;
				CLANG_WARN_UNREACHABLE_CODE = YES;
				CLANG_WARN__DUPLICATE_METHOD_MATCH = YES;
				CODE_SIGN_IDENTITY = "iPhone Developer";
				COPY_PHASE_STRIP = NO;
				DEBUG_INFORMATION_FORMAT = dwarf;
				ENABLE_STRICT_OBJC_MSGSEND = YES;
				ENABLE_TESTABILITY = YES;
				GCC_C_LANGUAGE_STANDARD = gnu11;
				GCC_DYNAMIC_NO_PIC = NO;
				GCC_NO_COMMON_BLOCKS = YES;
				GCC_OPTIMIZATION_LEVEL = 0;
				GCC_PREPROCESSOR_DEFINITIONS = (
					"DEBUG=1",
					"$(inherited)",
				);
				GCC_WARN_64_TO_32_BIT_CONVERSION = YES;
				GCC_WARN_ABOUT_RETURN_TYPE = YES_ERROR;
				GCC_WARN_UNDECLARED_SELECTOR = YES;
				GCC_WARN_UNINITIALIZED_AUTOS = YES_AGGRESSIVE;
				GCC_WARN_UNUSED_FUNCTION = YES;
				GCC_WARN_UNUSED_VARIABLE = YES;
				IPHONEOS_DEPLOYMENT_TARGET = 12.2;
				MTL_ENABLE_DEBUG_INFO = INCLUDE_SOURCE;
				MTL_FAST_MATH = YES;
				ONLY_ACTIVE_ARCH = YES;
				SDKROOT = iphoneos;
				SWIFT_ACTIVE_COMPILATION_CONDITIONS = DEBUG;
				SWIFT_OPTIMIZATION_LEVEL = "-Onone";
			};
			name = Debug;
		};
		4ADA987122927FAA00DD9E26 /* Release */ = {
			isa = XCBuildConfiguration;
			buildSettings = {
				ALWAYS_SEARCH_USER_PATHS = NO;
				CLANG_ANALYZER_NONNULL = YES;
				CLANG_ANALYZER_NUMBER_OBJECT_CONVERSION = YES_AGGRESSIVE;
				CLANG_CXX_LANGUAGE_STANDARD = "gnu++14";
				CLANG_CXX_LIBRARY = "libc++";
				CLANG_ENABLE_MODULES = YES;
				CLANG_ENABLE_OBJC_ARC = YES;
				CLANG_ENABLE_OBJC_WEAK = YES;
				CLANG_WARN_BLOCK_CAPTURE_AUTORELEASING = YES;
				CLANG_WARN_BOOL_CONVERSION = YES;
				CLANG_WARN_COMMA = YES;
				CLANG_WARN_CONSTANT_CONVERSION = YES;
				CLANG_WARN_DEPRECATED_OBJC_IMPLEMENTATIONS = YES;
				CLANG_WARN_DIRECT_OBJC_ISA_USAGE = YES_ERROR;
				CLANG_WARN_DOCUMENTATION_COMMENTS = YES;
				CLANG_WARN_EMPTY_BODY = YES;
				CLANG_WARN_ENUM_CONVERSION = YES;
				CLANG_WARN_INFINITE_RECURSION = YES;
				CLANG_WARN_INT_CONVERSION = YES;
				CLANG_WARN_NON_LITERAL_NULL_CONVERSION = YES;
				CLANG_WARN_OBJC_IMPLICIT_RETAIN_SELF = YES;
				CLANG_WARN_OBJC_LITERAL_CONVERSION = YES;
				CLANG_WARN_OBJC_ROOT_CLASS = YES_ERROR;
				CLANG_WARN_RANGE_LOOP_ANALYSIS = YES;
				CLANG_WARN_STRICT_PROTOTYPES = YES;
				CLANG_WARN_SUSPICIOUS_MOVE = YES;
				CLANG_WARN_UNGUARDED_AVAILABILITY = YES_AGGRESSIVE;
				CLANG_WARN_UNREACHABLE_CODE = YES;
				CLANG_WARN__DUPLICATE_METHOD_MATCH = YES;
				CODE_SIGN_IDENTITY = "iPhone Developer";
				COPY_PHASE_STRIP = NO;
				DEBUG_INFORMATION_FORMAT = "dwarf-with-dsym";
				ENABLE_NS_ASSERTIONS = NO;
				ENABLE_STRICT_OBJC_MSGSEND = YES;
				GCC_C_LANGUAGE_STANDARD = gnu11;
				GCC_NO_COMMON_BLOCKS = YES;
				GCC_WARN_64_TO_32_BIT_CONVERSION = YES;
				GCC_WARN_ABOUT_RETURN_TYPE = YES_ERROR;
				GCC_WARN_UNDECLARED_SELECTOR = YES;
				GCC_WARN_UNINITIALIZED_AUTOS = YES_AGGRESSIVE;
				GCC_WARN_UNUSED_FUNCTION = YES;
				GCC_WARN_UNUSED_VARIABLE = YES;
				IPHONEOS_DEPLOYMENT_TARGET = 12.2;
				MTL_ENABLE_DEBUG_INFO = NO;
				MTL_FAST_MATH = YES;
				SDKROOT = iphoneos;
				SWIFT_COMPILATION_MODE = wholemodule;
				SWIFT_OPTIMIZATION_LEVEL = "-O";
				VALIDATE_PRODUCT = YES;
			};
			name = Release;
		};
		4ADA987322927FAA00DD9E26 /* Debug */ = {
			isa = XCBuildConfiguration;
			buildSettings = {
				ASSETCATALOG_COMPILER_APPICON_NAME = AppIcon;
				CODE_SIGN_STYLE = Automatic;
				DEVELOPMENT_TEAM = 39288DUHNU;
				INFOPLIST_FILE = MissTableViewNavigationController/Info.plist;
				LD_RUNPATH_SEARCH_PATHS = (
					"$(inherited)",
					"@executable_path/Frameworks",
				);
				PRODUCT_BUNDLE_IDENTIFIER = LS.MissTableViewNavigationController;
				PRODUCT_NAME = "$(TARGET_NAME)";
				SWIFT_VERSION = 5.0;
				TARGETED_DEVICE_FAMILY = "1,2";
			};
			name = Debug;
		};
		4ADA987422927FAA00DD9E26 /* Release */ = {
			isa = XCBuildConfiguration;
			buildSettings = {
				ASSETCATALOG_COMPILER_APPICON_NAME = AppIcon;
				CODE_SIGN_STYLE = Automatic;
				DEVELOPMENT_TEAM = 39288DUHNU;
				INFOPLIST_FILE = MissTableViewNavigationController/Info.plist;
				LD_RUNPATH_SEARCH_PATHS = (
					"$(inherited)",
					"@executable_path/Frameworks",
				);
				PRODUCT_BUNDLE_IDENTIFIER = LS.MissTableViewNavigationController;
				PRODUCT_NAME = "$(TARGET_NAME)";
				SWIFT_VERSION = 5.0;
				TARGETED_DEVICE_FAMILY = "1,2";
			};
			name = Release;
		};
/* End XCBuildConfiguration section */

/* Begin XCConfigurationList section */
		4ADA985B22927FA700DD9E26 /* Build configuration list for PBXProject "MissTableViewNavigationController" */ = {
			isa = XCConfigurationList;
			buildConfigurations = (
				4ADA987022927FAA00DD9E26 /* Debug */,
				4ADA987122927FAA00DD9E26 /* Release */,
			);
			defaultConfigurationIsVisible = 0;
			defaultConfigurationName = Release;
		};
		4ADA987222927FAA00DD9E26 /* Build configuration list for PBXNativeTarget "MissTableViewNavigationController" */ = {
			isa = XCConfigurationList;
			buildConfigurations = (
				4ADA987322927FAA00DD9E26 /* Debug */,
				4ADA987422927FAA00DD9E26 /* Release */,
			);
			defaultConfigurationIsVisible = 0;
			defaultConfigurationName = Release;
		};
/* End XCConfigurationList section */
	};
	rootObject = 4ADA985822927FA700DD9E26 /* Project object */;
}
