// !$*UTF8*$!
{
	archiveVersion = 1;
	classes = {
	};
	objectVersion = 50;
	objects = {

/* Begin PBXBuildFile section */
		4A1341DD23EFB2DC00AA126C /* LS_Media.swift in Sources */ = {isa = PBXBuildFile; fileRef = 4A1341DC23EFB2DC00AA126C /* LS_Media.swift */; };
		4A1677EF23B1C84C006AE5CF /* LS_TabBarController.swift in Sources */ = {isa = PBXBuildFile; fileRef = 4A1677EE23B1C84C006AE5CF /* LS_TabBarController.swift */; };
		4A1677F123B1DE92006AE5CF /* LS_PageViewController.swift in Sources */ = {isa = PBXBuildFile; fileRef = 4A1677F023B1DE92006AE5CF /* LS_PageViewController.swift */; };
		4A1C682F23E948D80006F2E8 /* LS_MediaView.swift in Sources */ = {isa = PBXBuildFile; fileRef = 4A1C682E23E948D80006F2E8 /* LS_MediaView.swift */; };
		4A235E6422E59A1A00C14A76 /* LS_TableViewCell.swift in Sources */ = {isa = PBXBuildFile; fileRef = 4A235E6322E59A1A00C14A76 /* LS_TableViewCell.swift */; };
		4A25124022DEFEBC0033DB42 /* LS_DataDetailViewController.swift in Sources */ = {isa = PBXBuildFile; fileRef = 4A25123F22DEFEBC0033DB42 /* LS_DataDetailViewController.swift */; };
		4A25124222DF00320033DB42 /* LS_DataDetailView.swift in Sources */ = {isa = PBXBuildFile; fileRef = 4A25124122DF00320033DB42 /* LS_DataDetailView.swift */; };
		4A25124422DF03D20033DB42 /* ExampleTableView.swift in Sources */ = {isa = PBXBuildFile; fileRef = 4A25124322DF03D20033DB42 /* ExampleTableView.swift */; };
		4A29B3F322F165F000D9CB34 /* LS_DataController.swift in Sources */ = {isa = PBXBuildFile; fileRef = 4A29B3F222F165F000D9CB34 /* LS_DataController.swift */; };
		4A58890922E41B690079B86F /* LS_EditDetailViewController.swift in Sources */ = {isa = PBXBuildFile; fileRef = 4A58890822E41B690079B86F /* LS_EditDetailViewController.swift */; };
		4A58890B22E41BA80079B86F /* LS_EditDetailView.swift in Sources */ = {isa = PBXBuildFile; fileRef = 4A58890A22E41BA80079B86F /* LS_EditDetailView.swift */; };
		4A5DCA9E230BAF5800DD0297 /* LS_Utilities.swift in Sources */ = {isa = PBXBuildFile; fileRef = 4A5DCA9C230BAF5800DD0297 /* LS_Utilities.swift */; };
		4A5DCA9F230BAF5800DD0297 /* LS_Dummy.swift in Sources */ = {isa = PBXBuildFile; fileRef = 4A5DCA9D230BAF5800DD0297 /* LS_Dummy.swift */; };
		4A6446AF230A87F200C82AB4 /* LS_DataTableWithContentViewModel.swift in Sources */ = {isa = PBXBuildFile; fileRef = 4A6446AE230A87F200C82AB4 /* LS_DataTableWithContentViewModel.swift */; };
		4A84649F22A4EBA1008F3F60 /* LS_Data.swift in Sources */ = {isa = PBXBuildFile; fileRef = 4A84649E22A4EBA1008F3F60 /* LS_Data.swift */; };
		4A84D82724567FE0007A8DBF /* LS_MediaActivityViewController.swift in Sources */ = {isa = PBXBuildFile; fileRef = 4A84D82624567FE0007A8DBF /* LS_MediaActivityViewController.swift */; };
		4A91FB032303E5AF00021B44 /* LS_DataTableView.swift in Sources */ = {isa = PBXBuildFile; fileRef = 4A91FB022303E5AF00021B44 /* LS_DataTableView.swift */; };
		4A91FB072303E7F100021B44 /* LS_DataTableViewModel.swift in Sources */ = {isa = PBXBuildFile; fileRef = 4A91FB062303E7F100021B44 /* LS_DataTableViewModel.swift */; };
		4A91FB092303E8A900021B44 /* Dynamic.swift in Sources */ = {isa = PBXBuildFile; fileRef = 4A91FB082303E8A900021B44 /* Dynamic.swift */; };
		4A91FB0B2303EEFF00021B44 /* LS_DataTableViewController.swift in Sources */ = {isa = PBXBuildFile; fileRef = 4A91FB0A2303EEFF00021B44 /* LS_DataTableViewController.swift */; };
		4ABA352023E7E04A004751F3 /* LS_ImagePicker.swift in Sources */ = {isa = PBXBuildFile; fileRef = 4ABA351F23E7E04A004751F3 /* LS_ImagePicker.swift */; };
		4ABA352223E7E847004751F3 /* LS_MediaViewController.swift in Sources */ = {isa = PBXBuildFile; fileRef = 4ABA352123E7E847004751F3 /* LS_MediaViewController.swift */; };
		4ADA986422927FA700DD9E26 /* AppDelegate.swift in Sources */ = {isa = PBXBuildFile; fileRef = 4ADA986322927FA700DD9E26 /* AppDelegate.swift */; };
		4ADA986622927FA700DD9E26 /* ViewController.swift in Sources */ = {isa = PBXBuildFile; fileRef = 4ADA986522927FA700DD9E26 /* ViewController.swift */; };
		4ADA986B22927FAA00DD9E26 /* Assets.xcassets in Resources */ = {isa = PBXBuildFile; fileRef = 4ADA986A22927FAA00DD9E26 /* Assets.xcassets */; };
		4ADA986E22927FAA00DD9E26 /* LaunchScreen.storyboard in Resources */ = {isa = PBXBuildFile; fileRef = 4ADA986C22927FAA00DD9E26 /* LaunchScreen.storyboard */; };
		4ADA98782292812900DD9E26 /* ExampleTableViewController.swift in Sources */ = {isa = PBXBuildFile; fileRef = 4ADA98772292812900DD9E26 /* ExampleTableViewController.swift */; };
		4AE3665823277D03003D6665 /* LS_GenericDataSource.swift in Sources */ = {isa = PBXBuildFile; fileRef = 4AE3665723277D03003D6665 /* LS_GenericDataSource.swift */; };
		4AE72A2A2338A85800DFDA1F /* LS_DataTableViewDataSource.swift in Sources */ = {isa = PBXBuildFile; fileRef = 4AE72A292338A85800DFDA1F /* LS_DataTableViewDataSource.swift */; };
		4AF702682306AF4400860CD3 /* LS_TableViewModel.swift in Sources */ = {isa = PBXBuildFile; fileRef = 4AF702672306AF4400860CD3 /* LS_TableViewModel.swift */; };
/* End PBXBuildFile section */

/* Begin PBXFileReference section */
		4A1341DC23EFB2DC00AA126C /* LS_Media.swift */ = {isa = PBXFileReference; lastKnownFileType = sourcecode.swift; path = LS_Media.swift; sourceTree = "<group>"; };
		4A1677EE23B1C84C006AE5CF /* LS_TabBarController.swift */ = {isa = PBXFileReference; lastKnownFileType = sourcecode.swift; path = LS_TabBarController.swift; sourceTree = "<group>"; };
		4A1677F023B1DE92006AE5CF /* LS_PageViewController.swift */ = {isa = PBXFileReference; lastKnownFileType = sourcecode.swift; path = LS_PageViewController.swift; sourceTree = "<group>"; };
		4A1C682E23E948D80006F2E8 /* LS_MediaView.swift */ = {isa = PBXFileReference; lastKnownFileType = sourcecode.swift; path = LS_MediaView.swift; sourceTree = "<group>"; };
		4A235E6322E59A1A00C14A76 /* LS_TableViewCell.swift */ = {isa = PBXFileReference; lastKnownFileType = sourcecode.swift; path = LS_TableViewCell.swift; sourceTree = "<group>"; };
		4A25123F22DEFEBC0033DB42 /* LS_DataDetailViewController.swift */ = {isa = PBXFileReference; lastKnownFileType = sourcecode.swift; path = LS_DataDetailViewController.swift; sourceTree = "<group>"; };
		4A25124122DF00320033DB42 /* LS_DataDetailView.swift */ = {isa = PBXFileReference; lastKnownFileType = sourcecode.swift; path = LS_DataDetailView.swift; sourceTree = "<group>"; };
		4A25124322DF03D20033DB42 /* ExampleTableView.swift */ = {isa = PBXFileReference; lastKnownFileType = sourcecode.swift; path = ExampleTableView.swift; sourceTree = "<group>"; };
		4A29B3F222F165F000D9CB34 /* LS_DataController.swift */ = {isa = PBXFileReference; lastKnownFileType = sourcecode.swift; path = LS_DataController.swift; sourceTree = "<group>"; };
		4A58890822E41B690079B86F /* LS_EditDetailViewController.swift */ = {isa = PBXFileReference; lastKnownFileType = sourcecode.swift; path = LS_EditDetailViewController.swift; sourceTree = "<group>"; };
		4A58890A22E41BA80079B86F /* LS_EditDetailView.swift */ = {isa = PBXFileReference; lastKnownFileType = sourcecode.swift; path = LS_EditDetailView.swift; sourceTree = "<group>"; };
		4A5DCA9C230BAF5800DD0297 /* LS_Utilities.swift */ = {isa = PBXFileReference; fileEncoding = 4; lastKnownFileType = sourcecode.swift; path = LS_Utilities.swift; sourceTree = "<group>"; };
		4A5DCA9D230BAF5800DD0297 /* LS_Dummy.swift */ = {isa = PBXFileReference; fileEncoding = 4; lastKnownFileType = sourcecode.swift; path = LS_Dummy.swift; sourceTree = "<group>"; };
		4A6446AE230A87F200C82AB4 /* LS_DataTableWithContentViewModel.swift */ = {isa = PBXFileReference; lastKnownFileType = sourcecode.swift; path = LS_DataTableWithContentViewModel.swift; sourceTree = "<group>"; };
		4A84649E22A4EBA1008F3F60 /* LS_Data.swift */ = {isa = PBXFileReference; fileEncoding = 4; lastKnownFileType = sourcecode.swift; path = LS_Data.swift; sourceTree = "<group>"; };
		4A84D82624567FE0007A8DBF /* LS_MediaActivityViewController.swift */ = {isa = PBXFileReference; lastKnownFileType = sourcecode.swift; path = LS_MediaActivityViewController.swift; sourceTree = "<group>"; };
		4A91FB022303E5AF00021B44 /* LS_DataTableView.swift */ = {isa = PBXFileReference; lastKnownFileType = sourcecode.swift; path = LS_DataTableView.swift; sourceTree = "<group>"; };
		4A91FB062303E7F100021B44 /* LS_DataTableViewModel.swift */ = {isa = PBXFileReference; lastKnownFileType = sourcecode.swift; path = LS_DataTableViewModel.swift; sourceTree = "<group>"; };
		4A91FB082303E8A900021B44 /* Dynamic.swift */ = {isa = PBXFileReference; lastKnownFileType = sourcecode.swift; path = Dynamic.swift; sourceTree = "<group>"; };
		4A91FB0A2303EEFF00021B44 /* LS_DataTableViewController.swift */ = {isa = PBXFileReference; lastKnownFileType = sourcecode.swift; path = LS_DataTableViewController.swift; sourceTree = "<group>"; };
		4ABA351F23E7E04A004751F3 /* LS_ImagePicker.swift */ = {isa = PBXFileReference; lastKnownFileType = sourcecode.swift; path = LS_ImagePicker.swift; sourceTree = "<group>"; };
		4ABA352123E7E847004751F3 /* LS_MediaViewController.swift */ = {isa = PBXFileReference; lastKnownFileType = sourcecode.swift; path = LS_MediaViewController.swift; sourceTree = "<group>"; };
		4ADA986022927FA700DD9E26 /* MissTableViewNavigationController.app */ = {isa = PBXFileReference; explicitFileType = wrapper.application; includeInIndex = 0; path = MissTableViewNavigationController.app; sourceTree = BUILT_PRODUCTS_DIR; };
		4ADA986322927FA700DD9E26 /* AppDelegate.swift */ = {isa = PBXFileReference; lastKnownFileType = sourcecode.swift; path = AppDelegate.swift; sourceTree = "<group>"; };
		4ADA986522927FA700DD9E26 /* ViewController.swift */ = {isa = PBXFileReference; lastKnownFileType = sourcecode.swift; path = ViewController.swift; sourceTree = "<group>"; };
		4ADA986A22927FAA00DD9E26 /* Assets.xcassets */ = {isa = PBXFileReference; lastKnownFileType = folder.assetcatalog; path = Assets.xcassets; sourceTree = "<group>"; };
		4ADA986D22927FAA00DD9E26 /* Base */ = {isa = PBXFileReference; lastKnownFileType = file.storyboard; name = Base; path = Base.lproj/LaunchScreen.storyboard; sourceTree = "<group>"; };
		4ADA986F22927FAA00DD9E26 /* Info.plist */ = {isa = PBXFileReference; lastKnownFileType = text.plist.xml; path = Info.plist; sourceTree = "<group>"; };
		4ADA98772292812900DD9E26 /* ExampleTableViewController.swift */ = {isa = PBXFileReference; lastKnownFileType = sourcecode.swift; path = ExampleTableViewController.swift; sourceTree = "<group>"; };
		4AE3665723277D03003D6665 /* LS_GenericDataSource.swift */ = {isa = PBXFileReference; lastKnownFileType = sourcecode.swift; path = LS_GenericDataSource.swift; sourceTree = "<group>"; };
		4AE72A292338A85800DFDA1F /* LS_DataTableViewDataSource.swift */ = {isa = PBXFileReference; lastKnownFileType = sourcecode.swift; path = LS_DataTableViewDataSource.swift; sourceTree = "<group>"; };
		4AF702672306AF4400860CD3 /* LS_TableViewModel.swift */ = {isa = PBXFileReference; lastKnownFileType = sourcecode.swift; path = LS_TableViewModel.swift; sourceTree = "<group>"; };
/* End PBXFileReference section */

/* Begin PBXFrameworksBuildPhase section */
		4ADA985D22927FA700DD9E26 /* Frameworks */ = {
			isa = PBXFrameworksBuildPhase;
			buildActionMask = 2147483647;
			files = (
			);
			runOnlyForDeploymentPostprocessing = 0;
		};
/* End PBXFrameworksBuildPhase section */

/* Begin PBXGroup section */
		4A5DCA9B230BAF5800DD0297 /* Utilities */ = {
			isa = PBXGroup;
			children = (
				4A5DCA9C230BAF5800DD0297 /* LS_Utilities.swift */,
				4A5DCA9D230BAF5800DD0297 /* LS_Dummy.swift */,
			);
			path = Utilities;
			sourceTree = "<group>";
		};
		4A8464A022A4F4A3008F3F60 /* Models */ = {
			isa = PBXGroup;
			children = (
				4AE3665723277D03003D6665 /* LS_GenericDataSource.swift */,
				4A84649E22A4EBA1008F3F60 /* LS_Data.swift */,
				4A29B3F222F165F000D9CB34 /* LS_DataController.swift */,
				4A1341DC23EFB2DC00AA126C /* LS_Media.swift */,
			);
			path = Models;
			sourceTree = "<group>";
		};
		4A91FB042303E5C600021B44 /* Views */ = {
			isa = PBXGroup;
			children = (
				4A91FB022303E5AF00021B44 /* LS_DataTableView.swift */,
			);
			path = Views;
			sourceTree = "<group>";
		};
		4A91FB052303E7C100021B44 /* ViewModels */ = {
			isa = PBXGroup;
			children = (
				4A91FB062303E7F100021B44 /* LS_DataTableViewModel.swift */,
				4A6446AE230A87F200C82AB4 /* LS_DataTableWithContentViewModel.swift */,
				4AF702672306AF4400860CD3 /* LS_TableViewModel.swift */,
				4A91FB082303E8A900021B44 /* Dynamic.swift */,
			);
			path = ViewModels;
			sourceTree = "<group>";
		};
		4ADA985722927FA700DD9E26 = {
			isa = PBXGroup;
			children = (
				4ADA986222927FA700DD9E26 /* MissTableViewNavigationController */,
				4ADA986122927FA700DD9E26 /* Products */,
			);
			sourceTree = "<group>";
		};
		4ADA986122927FA700DD9E26 /* Products */ = {
			isa = PBXGroup;
			children = (
				4ADA986022927FA700DD9E26 /* MissTableViewNavigationController.app */,
			);
			name = Products;
			sourceTree = "<group>";
		};
		4ADA986222927FA700DD9E26 /* MissTableViewNavigationController */ = {
			isa = PBXGroup;
			children = (
				4ADA986322927FA700DD9E26 /* AppDelegate.swift */,
				4ADA986522927FA700DD9E26 /* ViewController.swift */,
				4A91FB0A2303EEFF00021B44 /* LS_DataTableViewController.swift */,
				4AE72A292338A85800DFDA1F /* LS_DataTableViewDataSource.swift */,
				4ADA986C22927FAA00DD9E26 /* LaunchScreen.storyboard */,
				4A8464A022A4F4A3008F3F60 /* Models */,
				4A91FB042303E5C600021B44 /* Views */,
				4A91FB052303E7C100021B44 /* ViewModels */,
				4A5DCA9B230BAF5800DD0297 /* Utilities */,
				4ADA98772292812900DD9E26 /* ExampleTableViewController.swift */,
				4A25124322DF03D20033DB42 /* ExampleTableView.swift */,
				4A235E6322E59A1A00C14A76 /* LS_TableViewCell.swift */,
				4A58890822E41B690079B86F /* LS_EditDetailViewController.swift */,
				4A58890A22E41BA80079B86F /* LS_EditDetailView.swift */,
				4A25123F22DEFEBC0033DB42 /* LS_DataDetailViewController.swift */,
				4A25124122DF00320033DB42 /* LS_DataDetailView.swift */,
				4ABA352123E7E847004751F3 /* LS_MediaViewController.swift */,
				4A84D82624567FE0007A8DBF /* LS_MediaActivityViewController.swift */,
				4A1677EE23B1C84C006AE5CF /* LS_TabBarController.swift */,
				4ABA351F23E7E04A004751F3 /* LS_ImagePicker.swift */,
				4A1C682E23E948D80006F2E8 /* LS_MediaView.swift */,
				4A1677F023B1DE92006AE5CF /* LS_PageViewController.swift */,
				4ADA986A22927FAA00DD9E26 /* Assets.xcassets */,
				4ADA986F22927FAA00DD9E26 /* Info.plist */,
			);
			path = MissTableViewNavigationController;
			sourceTree = "<group>";
		};
/* End PBXGroup section */

/* Begin PBXNativeTarget section */
		4ADA985F22927FA700DD9E26 /* MissTableViewNavigationController */ = {
			isa = PBXNativeTarget;
			buildConfigurationList = 4ADA987222927FAA00DD9E26 /* Build configuration list for PBXNativeTarget "MissTableViewNavigationController" */;
			buildPhases = (
				4ADA985C22927FA700DD9E26 /* Sources */,
				4ADA985D22927FA700DD9E26 /* Frameworks */,
				4ADA985E22927FA700DD9E26 /* Resources */,
			);
			buildRules = (
			);
			dependencies = (
			);
			name = MissTableViewNavigationController;
			productName = MissTableViewNavigationController;
			productReference = 4ADA986022927FA700DD9E26 /* MissTableViewNavigationController.app */;
			productType = "com.apple.product-type.application";
		};
/* End PBXNativeTarget section */

/* Begin PBXProject section */
		4ADA985822927FA700DD9E26 /* Project object */ = {
			isa = PBXProject;
			attributes = {
				LastSwiftUpdateCheck = 1020;
				LastUpgradeCheck = 1020;
				ORGANIZATIONNAME = "Loose Star";
				TargetAttributes = {
					4ADA985F22927FA700DD9E26 = {
						CreatedOnToolsVersion = 10.2.1;
					};
				};
			};
			buildConfigurationList = 4ADA985B22927FA700DD9E26 /* Build configuration list for PBXProject "MissTableViewNavigationController" */;
			compatibilityVersion = "Xcode 9.3";
			developmentRegion = en;
			hasScannedForEncodings = 0;
			knownRegions = (
				en,
				Base,
			);
			mainGroup = 4ADA985722927FA700DD9E26;
			productRefGroup = 4ADA986122927FA700DD9E26 /* Products */;
			projectDirPath = "";
			projectRoot = "";
			targets = (
				4ADA985F22927FA700DD9E26 /* MissTableViewNavigationController */,
			);
		};
/* End PBXProject section */

/* Begin PBXResourcesBuildPhase section */
		4ADA985E22927FA700DD9E26 /* Resources */ = {
			isa = PBXResourcesBuildPhase;
			buildActionMask = 2147483647;
			files = (
				4ADA986E22927FAA00DD9E26 /* LaunchScreen.storyboard in Resources */,
				4ADA986B22927FAA00DD9E26 /* Assets.xcassets in Resources */,
			);
			runOnlyForDeploymentPostprocessing = 0;
		};
/* End PBXResourcesBuildPhase section */

/* Begin PBXSourcesBuildPhase section */
		4ADA985C22927FA700DD9E26 /* Sources */ = {
			isa = PBXSourcesBuildPhase;
			buildActionMask = 2147483647;
			files = (
				4A1341DD23EFB2DC00AA126C /* LS_Media.swift in Sources */,
				4A25124422DF03D20033DB42 /* ExampleTableView.swift in Sources */,
				4A91FB072303E7F100021B44 /* LS_DataTableViewModel.swift in Sources */,
				4A91FB0B2303EEFF00021B44 /* LS_DataTableViewController.swift in Sources */,
				4A25124222DF00320033DB42 /* LS_DataDetailView.swift in Sources */,
				4AF702682306AF4400860CD3 /* LS_TableViewModel.swift in Sources */,
				4ABA352223E7E847004751F3 /* LS_MediaViewController.swift in Sources */,
				4AE72A2A2338A85800DFDA1F /* LS_DataTableViewDataSource.swift in Sources */,
				4A91FB092303E8A900021B44 /* Dynamic.swift in Sources */,
				4A29B3F322F165F000D9CB34 /* LS_DataController.swift in Sources */,
				4A1677EF23B1C84C006AE5CF /* LS_TabBarController.swift in Sources */,
				4A84649F22A4EBA1008F3F60 /* LS_Data.swift in Sources */,
				4A91FB032303E5AF00021B44 /* LS_DataTableView.swift in Sources */,
				4A6446AF230A87F200C82AB4 /* LS_DataTableWithContentViewModel.swift in Sources */,
				4ABA352023E7E04A004751F3 /* LS_ImagePicker.swift in Sources */,
				4A1C682F23E948D80006F2E8 /* LS_MediaView.swift in Sources */,
				4A58890B22E41BA80079B86F /* LS_EditDetailView.swift in Sources */,
				4A5DCA9E230BAF5800DD0297 /* LS_Utilities.swift in Sources */,
				4A5DCA9F230BAF5800DD0297 /* LS_Dummy.swift in Sources */,
				4A25124022DEFEBC0033DB42 /* LS_DataDetailViewController.swift in Sources */,
				4ADA98782292812900DD9E26 /* ExampleTableViewController.swift in Sources */,
				4A84D82724567FE0007A8DBF /* LS_MediaActivityViewController.swift in Sources */,
				4A1677F123B1DE92006AE5CF /* LS_PageViewController.swift in Sources */,
				4ADA986622927FA700DD9E26 /* ViewController.swift in Sources */,
				4A58890922E41B690079B86F /* LS_EditDetailViewController.swift in Sources */,
				4A235E6422E59A1A00C14A76 /* LS_TableViewCell.swift in Sources */,
				4ADA986422927FA700DD9E26 /* AppDelegate.swift in Sources */,
				4AE3665823277D03003D6665 /* LS_GenericDataSource.swift in Sources */,
			);
			runOnlyForDeploymentPostprocessing = 0;
		};
/* End PBXSourcesBuildPhase section */

/* Begin PBXVariantGroup section */
		4ADA986C22927FAA00DD9E26 /* LaunchScreen.storyboard */ = {
			isa = PBXVariantGroup;
			children = (
				4ADA986D22927FAA00DD9E26 /* Base */,
			);
			name = LaunchScreen.storyboard;
			sourceTree = "<group>";
		};
/* End PBXVariantGroup section */

/* Begin XCBuildConfiguration section */
		4ADA987022927FAA00DD9E26 /* Debug */ = {
			isa = XCBuildConfiguration;
			buildSettings = {
				ALWAYS_SEARCH_USER_PATHS = NO;
				CLANG_ANALYZER_NONNULL = YES;
				CLANG_ANALYZER_NUMBER_OBJECT_CONVERSION = YES_AGGRESSIVE;
				CLANG_CXX_LANGUAGE_STANDARD = "gnu++14";
				CLANG_CXX_LIBRARY = "libc++";
				CLANG_ENABLE_MODULES = YES;
				CLANG_ENABLE_OBJC_ARC = YES;
				CLANG_ENABLE_OBJC_WEAK = YES;
				CLANG_WARN_BLOCK_CAPTURE_AUTORELEASING = YES;
				CLANG_WARN_BOOL_CONVERSION = YES;
				CLANG_WARN_COMMA = YES;
				CLANG_WARN_CONSTANT_CONVERSION = YES;
				CLANG_WARN_DEPRECATED_OBJC_IMPLEMENTATIONS = YES;
				CLANG_WARN_DIRECT_OBJC_ISA_USAGE = YES_ERROR;
				CLANG_WARN_DOCUMENTATION_COMMENTS = YES;
				CLANG_WARN_EMPTY_BODY = YES;
				CLANG_WARN_ENUM_CONVERSION = YES;
				CLANG_WARN_INFINITE_RECURSION = YES;
				CLANG_WARN_INT_CONVERSION = YES;
				CLANG_WARN_NON_LITERAL_NULL_CONVERSION = YES;
				CLANG_WARN_OBJC_IMPLICIT_RETAIN_SELF = YES;
				CLANG_WARN_OBJC_LITERAL_CONVERSION = YES;
				CLANG_WARN_OBJC_ROOT_CLASS = YES_ERROR;
				CLANG_WARN_RANGE_LOOP_ANALYSIS = YES;
				CLANG_WARN_STRICT_PROTOTYPES = YES;
				CLANG_WARN_SUSPICIOUS_MOVE = YES;
				CLANG_WARN_UNGUARDED_AVAILABILITY = YES_AGGRESSIVE;
				CLANG_WARN_UNREACHABLE_CODE = YES;
				CLANG_WARN__DUPLICATE_METHOD_MATCH = YES;
				CODE_SIGN_IDENTITY = "iPhone Developer";
				COPY_PHASE_STRIP = NO;
				DEBUG_INFORMATION_FORMAT = dwarf;
				ENABLE_STRICT_OBJC_MSGSEND = YES;
				ENABLE_TESTABILITY = YES;
				GCC_C_LANGUAGE_STANDARD = gnu11;
				GCC_DYNAMIC_NO_PIC = NO;
				GCC_NO_COMMON_BLOCKS = YES;
				GCC_OPTIMIZATION_LEVEL = 0;
				GCC_PREPROCESSOR_DEFINITIONS = (
					"DEBUG=1",
					"$(inherited)",
				);
				GCC_WARN_64_TO_32_BIT_CONVERSION = YES;
				GCC_WARN_ABOUT_RETURN_TYPE = YES_ERROR;
				GCC_WARN_UNDECLARED_SELECTOR = YES;
				GCC_WARN_UNINITIALIZED_AUTOS = YES_AGGRESSIVE;
				GCC_WARN_UNUSED_FUNCTION = YES;
				GCC_WARN_UNUSED_VARIABLE = YES;
				IPHONEOS_DEPLOYMENT_TARGET = 12.2;
				MTL_ENABLE_DEBUG_INFO = INCLUDE_SOURCE;
				MTL_FAST_MATH = YES;
				ONLY_ACTIVE_ARCH = YES;
				SDKROOT = iphoneos;
				SWIFT_ACTIVE_COMPILATION_CONDITIONS = DEBUG;
				SWIFT_OPTIMIZATION_LEVEL = "-Onone";
			};
			name = Debug;
		};
		4ADA987122927FAA00DD9E26 /* Release */ = {
			isa = XCBuildConfiguration;
			buildSettings = {
				ALWAYS_SEARCH_USER_PATHS = NO;
				CLANG_ANALYZER_NONNULL = YES;
				CLANG_ANALYZER_NUMBER_OBJECT_CONVERSION = YES_AGGRESSIVE;
				CLANG_CXX_LANGUAGE_STANDARD = "gnu++14";
				CLANG_CXX_LIBRARY = "libc++";
				CLANG_ENABLE_MODULES = YES;
				CLANG_ENABLE_OBJC_ARC = YES;
				CLANG_ENABLE_OBJC_WEAK = YES;
				CLANG_WARN_BLOCK_CAPTURE_AUTORELEASING = YES;
				CLANG_WARN_BOOL_CONVERSION = YES;
				CLANG_WARN_COMMA = YES;
				CLANG_WARN_CONSTANT_CONVERSION = YES;
				CLANG_WARN_DEPRECATED_OBJC_IMPLEMENTATIONS = YES;
				CLANG_WARN_DIRECT_OBJC_ISA_USAGE = YES_ERROR;
				CLANG_WARN_DOCUMENTATION_COMMENTS = YES;
				CLANG_WARN_EMPTY_BODY = YES;
				CLANG_WARN_ENUM_CONVERSION = YES;
				CLANG_WARN_INFINITE_RECURSION = YES;
				CLANG_WARN_INT_CONVERSION = YES;
				CLANG_WARN_NON_LITERAL_NULL_CONVERSION = YES;
				CLANG_WARN_OBJC_IMPLICIT_RETAIN_SELF = YES;
				CLANG_WARN_OBJC_LITERAL_CONVERSION = YES;
				CLANG_WARN_OBJC_ROOT_CLASS = YES_ERROR;
				CLANG_WARN_RANGE_LOOP_ANALYSIS = YES;
				CLANG_WARN_STRICT_PROTOTYPES = YES;
				CLANG_WARN_SUSPICIOUS_MOVE = YES;
				CLANG_WARN_UNGUARDED_AVAILABILITY = YES_AGGRESSIVE;
				CLANG_WARN_UNREACHABLE_CODE = YES;
				CLANG_WARN__DUPLICATE_METHOD_MATCH = YES;
				CODE_SIGN_IDENTITY = "iPhone Developer";
				COPY_PHASE_STRIP = NO;
				DEBUG_INFORMATION_FORMAT = "dwarf-with-dsym";
				ENABLE_NS_ASSERTIONS = NO;
				ENABLE_STRICT_OBJC_MSGSEND = YES;
				GCC_C_LANGUAGE_STANDARD = gnu11;
				GCC_NO_COMMON_BLOCKS = YES;
				GCC_WARN_64_TO_32_BIT_CONVERSION = YES;
				GCC_WARN_ABOUT_RETURN_TYPE = YES_ERROR;
				GCC_WARN_UNDECLARED_SELECTOR = YES;
				GCC_WARN_UNINITIALIZED_AUTOS = YES_AGGRESSIVE;
				GCC_WARN_UNUSED_FUNCTION = YES;
				GCC_WARN_UNUSED_VARIABLE = YES;
				IPHONEOS_DEPLOYMENT_TARGET = 12.2;
				MTL_ENABLE_DEBUG_INFO = NO;
				MTL_FAST_MATH = YES;
				SDKROOT = iphoneos;
				SWIFT_COMPILATION_MODE = wholemodule;
				SWIFT_OPTIMIZATION_LEVEL = "-O";
				VALIDATE_PRODUCT = YES;
			};
			name = Release;
		};
		4ADA987322927FAA00DD9E26 /* Debug */ = {
			isa = XCBuildConfiguration;
			buildSettings = {
				ASSETCATALOG_COMPILER_APPICON_NAME = AppIcon;
				CODE_SIGN_STYLE = Automatic;
				DEVELOPMENT_TEAM = 39288DUHNU;
				INFOPLIST_FILE = MissTableViewNavigationController/Info.plist;
				IPHONEOS_DEPLOYMENT_TARGET = 13.2;
				LD_RUNPATH_SEARCH_PATHS = (
					"$(inherited)",
					"@executable_path/Frameworks",
				);
				PRODUCT_BUNDLE_IDENTIFIER = LS.MissTableViewNavigationController;
				PRODUCT_NAME = "$(TARGET_NAME)";
				SWIFT_VERSION = 5.0;
				TARGETED_DEVICE_FAMILY = "1,2";
			};
			name = Debug;
		};
		4ADA987422927FAA00DD9E26 /* Release */ = {
			isa = XCBuildConfiguration;
			buildSettings = {
				ASSETCATALOG_COMPILER_APPICON_NAME = AppIcon;
				CODE_SIGN_STYLE = Automatic;
				DEVELOPMENT_TEAM = 39288DUHNU;
				INFOPLIST_FILE = MissTableViewNavigationController/Info.plist;
				IPHONEOS_DEPLOYMENT_TARGET = 13.2;
				LD_RUNPATH_SEARCH_PATHS = (
					"$(inherited)",
					"@executable_path/Frameworks",
				);
				PRODUCT_BUNDLE_IDENTIFIER = LS.MissTableViewNavigationController;
				PRODUCT_NAME = "$(TARGET_NAME)";
				SWIFT_VERSION = 5.0;
				TARGETED_DEVICE_FAMILY = "1,2";
			};
			name = Release;
		};
/* End XCBuildConfiguration section */

/* Begin XCConfigurationList section */
		4ADA985B22927FA700DD9E26 /* Build configuration list for PBXProject "MissTableViewNavigationController" */ = {
			isa = XCConfigurationList;
			buildConfigurations = (
				4ADA987022927FAA00DD9E26 /* Debug */,
				4ADA987122927FAA00DD9E26 /* Release */,
			);
			defaultConfigurationIsVisible = 0;
			defaultConfigurationName = Release;
		};
		4ADA987222927FAA00DD9E26 /* Build configuration list for PBXNativeTarget "MissTableViewNavigationController" */ = {
			isa = XCConfigurationList;
			buildConfigurations = (
				4ADA987322927FAA00DD9E26 /* Debug */,
				4ADA987422927FAA00DD9E26 /* Release */,
			);
			defaultConfigurationIsVisible = 0;
			defaultConfigurationName = Release;
		};
/* End XCConfigurationList section */
	};
	rootObject = 4ADA985822927FA700DD9E26 /* Project object */;
}
